{
	"name": "smarty-lsp-server",
	"version": "1.0.0",
	"lockfileVersion": 2,
	"requires": true,
	"packages": {
		"": {
			"name": "smarty-lsp-server",
			"version": "1.0.0",
			"license": "MIT",
			"dependencies": {
				"php-parser": "^3.0.3",
				"vscode-css-languageservice": "^5.1.8",
				"vscode-html-languageservice": "^4.1.1",
				"vscode-languageserver": "^7.0.0",
				"vscode-languageserver-textdocument": "^1.0.1"
			},
			"engines": {
				"node": "*"
			}
		},
		"node_modules/php-parser": {
			"version": "3.0.3",
			"resolved": "https://registry.npmjs.org/php-parser/-/php-parser-3.0.3.tgz",
			"integrity": "sha512-WjbrtYrwmLY9hpoKoq1+mVqJhT0dEVDZRWSpNIw2MpTw3VM/K4C6e0WR4KlU6G/XROkV7tpH4NesV2dDiPxqaw=="
		},
		"node_modules/vscode-css-languageservice": {
			"version": "5.1.8",
			"resolved": "https://registry.npmjs.org/vscode-css-languageservice/-/vscode-css-languageservice-5.1.8.tgz",
			"integrity": "sha512-Si1sMykS8U/p8LYgLGPCfZD1YFT0AtvUJQp9XJGw64DZWhtwYo28G2l64USLS9ge4ZPMZpwdpOK7PfbVKfgiiA==",
			"dependencies": {
				"vscode-languageserver-textdocument": "^1.0.1",
				"vscode-languageserver-types": "^3.16.0",
				"vscode-nls": "^5.0.0",
				"vscode-uri": "^3.0.2"
			}
		},
		"node_modules/vscode-html-languageservice": {
			"version": "4.1.1",
			"resolved": "https://registry.npmjs.org/vscode-html-languageservice/-/vscode-html-languageservice-4.1.1.tgz",
			"integrity": "sha512-rrDyCiOgMwOPgchpPGAeLzjYVVEW/Ror2/a1BWUEI3S9+NQhA9vj4SQkzmH6g2Bq9S9SV0OQeadD+xphOf1N3w==",
			"dependencies": {
				"vscode-languageserver-textdocument": "^1.0.1",
				"vscode-languageserver-types": "^3.16.0",
				"vscode-nls": "^5.0.0",
				"vscode-uri": "^3.0.2"
			}
		},
		"node_modules/vscode-jsonrpc": {
			"version": "6.0.0",
			"resolved": "https://registry.npmjs.org/vscode-jsonrpc/-/vscode-jsonrpc-6.0.0.tgz",
			"integrity": "sha512-wnJA4BnEjOSyFMvjZdpiOwhSq9uDoK8e/kpRJDTaMYzwlkrhG1fwDIZI94CLsLzlCK5cIbMMtFlJlfR57Lavmg==",
			"engines": {
				"node": ">=8.0.0 || >=10.0.0"
			}
		},
		"node_modules/vscode-languageserver": {
			"version": "7.0.0",
			"resolved": "https://registry.npmjs.org/vscode-languageserver/-/vscode-languageserver-7.0.0.tgz",
			"integrity": "sha512-60HTx5ID+fLRcgdHfmz0LDZAXYEV68fzwG0JWwEPBode9NuMYTIxuYXPg4ngO8i8+Ou0lM7y6GzaYWbiDL0drw==",
			"dependencies": {
				"vscode-languageserver-protocol": "3.16.0"
			},
			"bin": {
				"installServerIntoExtension": "bin/installServerIntoExtension"
			}
		},
		"node_modules/vscode-languageserver-protocol": {
			"version": "3.16.0",
			"resolved": "https://registry.npmjs.org/vscode-languageserver-protocol/-/vscode-languageserver-protocol-3.16.0.tgz",
			"integrity": "sha512-sdeUoAawceQdgIfTI+sdcwkiK2KU+2cbEYA0agzM2uqaUy2UpnnGHtWTHVEtS0ES4zHU0eMFRGN+oQgDxlD66A==",
			"dependencies": {
				"vscode-jsonrpc": "6.0.0",
				"vscode-languageserver-types": "3.16.0"
			}
		},
		"node_modules/vscode-languageserver-textdocument": {
			"version": "1.0.2",
			"resolved": "https://registry.npmjs.org/vscode-languageserver-textdocument/-/vscode-languageserver-textdocument-1.0.2.tgz",
			"integrity": "sha512-T7uPC18+f8mYE4lbVZwb3OSmvwTZm3cuFhrdx9Bn2l11lmp3SvSuSVjy2JtvrghzjAo4G6Trqny2m9XGnFnWVA=="
		},
		"node_modules/vscode-languageserver-types": {
			"version": "3.16.0",
			"resolved": "https://registry.npmjs.org/vscode-languageserver-types/-/vscode-languageserver-types-3.16.0.tgz",
			"integrity": "sha512-k8luDIWJWyenLc5ToFQQMaSrqCHiLwyKPHKPQZ5zz21vM+vIVUSvsRpcbiECH4WR88K2XZqc4ScRcZ7nk/jbeA=="
		},
		"node_modules/vscode-nls": {
			"version": "5.0.0",
			"resolved": "https://registry.npmjs.org/vscode-nls/-/vscode-nls-5.0.0.tgz",
			"integrity": "sha512-u0Lw+IYlgbEJFF6/qAqG2d1jQmJl0eyAGJHoAJqr2HT4M2BNuQYSEiSE75f52pXHSJm8AlTjnLLbBFPrdz2hpA=="
		},
		"node_modules/vscode-uri": {
			"version": "3.0.2",
			"resolved": "https://registry.npmjs.org/vscode-uri/-/vscode-uri-3.0.2.tgz",
			"integrity": "sha512-jkjy6pjU1fxUvI51P+gCsxg1u2n8LSt0W6KrCNQceaziKzff74GoWmjVG46KieVzybO1sttPQmYfrwSHey7GUA=="
		}
	},
	"dependencies": {
		"php-parser": {
			"version": "3.0.3",
			"resolved": "https://registry.npmjs.org/php-parser/-/php-parser-3.0.3.tgz",
			"integrity": "sha512-WjbrtYrwmLY9hpoKoq1+mVqJhT0dEVDZRWSpNIw2MpTw3VM/K4C6e0WR4KlU6G/XROkV7tpH4NesV2dDiPxqaw=="
		},
		"vscode-css-languageservice": {
			"version": "5.1.8",
			"resolved": "https://registry.npmjs.org/vscode-css-languageservice/-/vscode-css-languageservice-5.1.8.tgz",
			"integrity": "sha512-Si1sMykS8U/p8LYgLGPCfZD1YFT0AtvUJQp9XJGw64DZWhtwYo28G2l64USLS9ge4ZPMZpwdpOK7PfbVKfgiiA==",
			"requires": {
				"vscode-languageserver-textdocument": "^1.0.1",
				"vscode-languageserver-types": "^3.16.0",
				"vscode-nls": "^5.0.0",
				"vscode-uri": "^3.0.2"
			}
		},
		"vscode-html-languageservice": {
			"version": "4.1.1",
			"resolved": "https://registry.npmjs.org/vscode-html-languageservice/-/vscode-html-languageservice-4.1.1.tgz",
			"integrity": "sha512-rrDyCiOgMwOPgchpPGAeLzjYVVEW/Ror2/a1BWUEI3S9+NQhA9vj4SQkzmH6g2Bq9S9SV0OQeadD+xphOf1N3w==",
			"requires": {
				"vscode-languageserver-textdocument": "^1.0.1",
				"vscode-languageserver-types": "^3.16.0",
				"vscode-nls": "^5.0.0",
				"vscode-uri": "^3.0.2"
			}
		},
		"vscode-jsonrpc": {
			"version": "6.0.0",
			"resolved": "https://registry.npmjs.org/vscode-jsonrpc/-/vscode-jsonrpc-6.0.0.tgz",
			"integrity": "sha512-wnJA4BnEjOSyFMvjZdpiOwhSq9uDoK8e/kpRJDTaMYzwlkrhG1fwDIZI94CLsLzlCK5cIbMMtFlJlfR57Lavmg=="
		},
		"vscode-languageserver": {
			"version": "7.0.0",
			"resolved": "https://registry.npmjs.org/vscode-languageserver/-/vscode-languageserver-7.0.0.tgz",
			"integrity": "sha512-60HTx5ID+fLRcgdHfmz0LDZAXYEV68fzwG0JWwEPBode9NuMYTIxuYXPg4ngO8i8+Ou0lM7y6GzaYWbiDL0drw==",
			"requires": {
				"vscode-languageserver-protocol": "3.16.0"
			}
		},
		"vscode-languageserver-protocol": {
			"version": "3.16.0",
			"resolved": "https://registry.npmjs.org/vscode-languageserver-protocol/-/vscode-languageserver-protocol-3.16.0.tgz",
			"integrity": "sha512-sdeUoAawceQdgIfTI+sdcwkiK2KU+2cbEYA0agzM2uqaUy2UpnnGHtWTHVEtS0ES4zHU0eMFRGN+oQgDxlD66A==",
			"requires": {
				"vscode-jsonrpc": "6.0.0",
				"vscode-languageserver-types": "3.16.0"
			}
		},
		"vscode-languageserver-textdocument": {
			"version": "1.0.2",
			"resolved": "https://registry.npmjs.org/vscode-languageserver-textdocument/-/vscode-languageserver-textdocument-1.0.2.tgz",
			"integrity": "sha512-T7uPC18+f8mYE4lbVZwb3OSmvwTZm3cuFhrdx9Bn2l11lmp3SvSuSVjy2JtvrghzjAo4G6Trqny2m9XGnFnWVA=="
		},
		"vscode-languageserver-types": {
			"version": "3.16.0",
			"resolved": "https://registry.npmjs.org/vscode-languageserver-types/-/vscode-languageserver-types-3.16.0.tgz",
			"integrity": "sha512-k8luDIWJWyenLc5ToFQQMaSrqCHiLwyKPHKPQZ5zz21vM+vIVUSvsRpcbiECH4WR88K2XZqc4ScRcZ7nk/jbeA=="
		},
		"vscode-nls": {
			"version": "5.0.0",
			"resolved": "https://registry.npmjs.org/vscode-nls/-/vscode-nls-5.0.0.tgz",
			"integrity": "sha512-u0Lw+IYlgbEJFF6/qAqG2d1jQmJl0eyAGJHoAJqr2HT4M2BNuQYSEiSE75f52pXHSJm8AlTjnLLbBFPrdz2hpA=="
		},
		"vscode-uri": {
			"version": "3.0.2",
			"resolved": "https://registry.npmjs.org/vscode-uri/-/vscode-uri-3.0.2.tgz",
			"integrity": "sha512-jkjy6pjU1fxUvI51P+gCsxg1u2n8LSt0W6KrCNQceaziKzff74GoWmjVG46KieVzybO1sttPQmYfrwSHey7GUA=="
		}
	}
}
